GEM
  remote: https://rubygems.org/
  specs:
    base64 (0.3.0)
    benchmark (0.5.0)
    bigdecimal (3.3.1)
    csv (3.3.6)
    google-protobuf (4.36.0)
      bigdecimal
      rake (~> 13.3)
    google-protobuf (4.36.0-aarch64-linux-gnu)
      bigdecimal
      rake (~> 13.3)
    google-protobuf (4.36.0-aarch64-linux-musl)
      bigdecimal
      rake (~> 13.3)
    google-protobuf (4.36.0-arm64-darwin)
      bigdecimal
      rake (~> 13.3)
    google-protobuf (4.36.0-x86-linux-gnu)
      bigdecimal
      rake (~> 13.3)
    google-protobuf (4.36.0-x86-linux-musl)
      bigdecimal
      rake (~> 13.3)
    google-protobuf (4.36.0-x86_64-darwin)
      bigdecimal
      rake (~> 13.3)
    google-protobuf (4.36.0-x86_64-linux-gnu)
      bigdecimal
      rake (~> 13.3)
    google-protobuf (4.36.0-x86_64-linux-musl)
      bigdecimal
      rake (~> 13.3)
    kramdown (2.5.2)
      rexml (>= 3.4.4)
    kramdown-parser-gfm (1.1.0)
      kramdown (~> 2.0)
    logger (1.7.0)
    minitest (5.27.0)
    ostruct (0.6.3)
    rake (13.4.2)
    rexml (3.4.4)
    rouge (4.7.0)
    sass-embedded (1.103.1)
      google-protobuf (~> 4.31)
      rake (>= 13)
    sass-embedded (1.103.1-aarch64-linux-android)
      google-protobuf (~> 4.31)
    sass-embedded (1.103.1-aarch64-linux-gnu)
      google-protobuf (~> 4.31)
    sass-embedded (1.103.1-aarch64-linux-musl)
      google-protobuf (~> 4.31)
    sass-embedded (1.103.1-arm-linux-androideabi)
      google-protobuf (~> 4.31)
    sass-embedded (1.103.1-arm-linux-gnueabihf)
      google-protobuf (~> 4.31)
    sass-embedded (1.103.1-arm-linux-musleabihf)
      google-protobuf (~> 4.31)
    sass-embedded (1.103.1-arm64-darwin)
      google-protobuf (~> 4.31)
    sass-embedded (1.103.1-riscv64-linux-android)
      google-protobuf (~> 4.31)
    sass-embedded (1.103.1-riscv64-linux-gnu)
      google-protobuf (~> 4.31)
    sass-embedded (1.103.1-riscv64-linux-musl)
      google-protobuf (~> 4.31)
    sass-embedded (1.103.1-x86_64-darwin)
      google-protobuf (~> 4.31)
    sass-embedded (1.103.1-x86_64-linux-android)
      google-protobuf (~> 4.31)
    sass-embedded (1.103.1-x86_64-linux-gnu)
      google-protobuf (~> 4.31)
    sass-embedded (1.103.1-x86_64-linux-musl)
      google-protobuf (~> 4.31)
    webrick (1.9.2)

PLATFORMS
  aarch64-linux-android
  aarch64-linux-gnu
  aarch64-linux-musl
  arm-linux-androideabi
  arm-linux-gnueabihf
  arm-linux-musleabihf
  arm64-darwin
  riscv64-linux-android
  riscv64-linux-gnu
  riscv64-linux-musl
  ruby
  x86-linux-gnu
  x86-linux-musl
  x86_64-darwin
  x86_64-linux-android
  x86_64-linux-gnu
  x86_64-linux-musl

DEPENDENCIES
  base64 (~> 0.2)
  benchmark (~> 0.4)
  bigdecimal (~> 3.1)
  csv (~> 3.3)
  kramdown (~> 2.5)
  kramdown-parser-gfm (~> 1.1)
  logger (~> 1.6)
  minitest (~> 5.25)
  ostruct (~> 0.6)
  rake (~> 13.2)
  rouge (~> 4.0)
  sass-embedded (~> 1.75)
  webrick (~> 1.9)

CHECKSUMS
  base64 (0.3.0) sha256=27337aeabad6ffae05c265c450490628ef3ebd4b67be58257393227588f5a97b
  benchmark (0.5.0) sha256=465df122341aedcb81a2a24b4d3bd19b6c67c1530713fd533f3ff034e419236c
  bigdecimal (3.3.1) sha256=eaa01e228be54c4f9f53bf3cc34fe3d5e845c31963e7fcc5bedb05a4e7d52218
  bundler (4.0.16) sha256=d6ca5dd440c24f9abce9844cf44cc8e18c6a553de65a47efb4544137af92c47d
  csv (3.3.6) sha256=aba61e7e507a66f03d45cb1f3c4b6359861c3504038b422962875dce099e4456
  google-protobuf (4.36.0) sha256=2132fb002366b85a57fbb796333e2cb1f969126e05f9af32149709ba3fd397b5
  google-protobuf (4.36.0-aarch64-linux-gnu) sha256=3fa22004853b83297d8ad4ca5c9adc8aea5e6da7b4caadf5577cb9da3eefe63f
  google-protobuf (4.36.0-aarch64-linux-musl) sha256=6392f5e7cc5366203349f268c98e39f29c2ef9766ebbdb434819d7edb085a12c
  google-protobuf (4.36.0-arm64-darwin) sha256=be182aac1cf55ccbbd27ec5a94d5b012069075f5c879d65423d33e6b2dec86f5
  google-protobuf (4.36.0-x86-linux-gnu) sha256=34c327aaf29e51db012e537cce9d2e38359d9ec96cb4a699eaf47231db6020ab
  google-protobuf (4.36.0-x86-linux-musl) sha256=621b53fd93f88cb68d3b3d25e5ecda8f9ea2977f86759c1badb701de5ae371d6
  google-protobuf (4.36.0-x86_64-darwin) sha256=6cb938760546ee5ce57d04ed358ea10d0278b6f1ddea35e100c278f429afc25b
  google-protobuf (4.36.0-x86_64-linux-gnu) sha256=8c253f7cb7647cdf1f54fc3f215e151206b5159e03d74fe29b8599264903de2b
  google-protobuf (4.36.0-x86_64-linux-musl) sha256=d6c510ff9743b3dcde6acdea06512e4e4ecf53246e5c5b689879861e05d4738a
  kramdown (2.5.2) sha256=1ba542204c66b6f9111ff00dcc26075b95b220b07f2905d8261740c82f7f02fa
  kramdown-parser-gfm (1.1.0) sha256=fb39745516427d2988543bf01fc4cf0ab1149476382393e0e9c48592f6581729
  logger (1.7.0) sha256=196edec7cc44b66cfb40f9755ce11b392f21f7967696af15d274dde7edff0203
  minitest (5.27.0) sha256=2d3b17f8a36fe7801c1adcffdbc38233b938eb0b4966e97a6739055a45fa77d5
  ostruct (0.6.3) sha256=95a2ed4a4bd1d190784e666b47b2d3f078e4a9efda2fccf18f84ddc6538ed912
  rake (13.4.2) sha256=cb825b2bd5f1f8e91ca37bddb4b9aaf345551b4731da62949be002fa89283701
  rexml (3.4.4) sha256=19e0a2c3425dfbf2d4fc1189747bdb2f849b6c5e74180401b15734bc97b5d142
  rouge (4.7.0) sha256=dba5896715c0325c362e895460a6d350803dbf6427454f49a47500f3193ea739
  sass-embedded (1.103.1) sha256=a47bdc1dc3de2a8181c68f8da1396748eb8776dde71df08daa080dccc38f5cf0
  sass-embedded (1.103.1-aarch64-linux-android) sha256=5905fb8567192c8b391e5aa2db8d3db9f7e866c5eff32ec3be96ac79a389085d
  sass-embedded (1.103.1-aarch64-linux-gnu) sha256=48790fb0be3c57177121f28626a7c5cfc258a06aa499f09fd80a55054cc46c09
  sass-embedded (1.103.1-aarch64-linux-musl) sha256=fb0bfcbab2e7baf8e6a59890e2729037cd1651859718e7c7a5878d5f9e2a6e8c
  sass-embedded (1.103.1-arm-linux-androideabi) sha256=a2edbc498e324c51fc5b3b7a4168b75295d33cc95e49cb1dbf2aeea7e4150752
  sass-embedded (1.103.1-arm-linux-gnueabihf) sha256=1388f692fd7c76d3fe03fb8d79a45ca89586a1fa19a8718faf875f457bed4169
  sass-embedded (1.103.1-arm-linux-musleabihf) sha256=9e2a3cf86576d96fd16ebd1fbd4333e72c3df6b1990e5273d5a3b4d2e1eec4ac
  sass-embedded (1.103.1-arm64-darwin) sha256=b4afa0515a8bdb9949675bc85a3625b676bd11080b4d5b5134282729762a2261
  sass-embedded (1.103.1-riscv64-linux-android) sha256=3de9d13ba48e93fd8c361c576cbadbc89d60b98223cbb932bf5b7ce4167ebd03
  sass-embedded (1.103.1-riscv64-linux-gnu) sha256=291f37e6d7317dc9fc07e264b8f86a7d156d68e2d3ef55b9014bb2d88d0b5234
  sass-embedded (1.103.1-riscv64-linux-musl) sha256=49f72d4b31d668f0b90f8c02e507840078a66a91fbc96570254a9a3b3163b2b9
  sass-embedded (1.103.1-x86_64-darwin) sha256=75514c8f62a849e5e2e98fe89268176278fb0900751208a7ae3322451a0b5285
  sass-embedded (1.103.1-x86_64-linux-android) sha256=23e4545427223ceb3c9b293e10e5eaf60f2499151d2abdc647897a086e410775
  sass-embedded (1.103.1-x86_64-linux-gnu) sha256=1056cb8031fbceee992a3d07c39e9118864aa280e1ba03d85bc5397bd4479333
  sass-embedded (1.103.1-x86_64-linux-musl) sha256=2f52d9f70030a2d8ddbff8289049df1d38f20f55ba05a87a0049d99fbaa1108c
  webrick (1.9.2) sha256=beb4a15fc474defed24a3bda4ffd88a490d517c9e4e6118c3edce59e45864131

BUNDLED WITH
  4.0.16
